Microsoft Visual Studio Solution File, Format Version 12.00
# Visual Studio 2012
Project("{FAE04EC0-301F-11D3-BF4B-00C04F79EFBC}") = "PrisonBreak", "PrisonBreak.csproj", "{C2237D41-82B0-40A5-B7A1-664BB17B67E8}"
EndProject
Global
	GlobalSection(SolutionConfigurationPlatforms) = preSolution
	Debug|Any CPU = Debug|Any CPU
	ExportDebug|Any CPU = ExportDebug|Any CPU
	ExportRelease|Any CPU = ExportRelease|Any CPU
	EndGlobalSection
	GlobalSection(ProjectConfigurationPlatforms) = postSolution
		{C2237D41-82B0-40A5-B7A1-664BB17B67E8}.Debug|Any CPU.ActiveCfg = Debug|Any CPU
		{C2237D41-82B0-40A5-B7A1-664BB17B67E8}.Debug|Any CPU.Build.0 = Debug|Any CPU
		{C2237D41-82B0-40A5-B7A1-664BB17B67E8}.ExportDebug|Any CPU.ActiveCfg = ExportDebug|Any CPU
		{C2237D41-82B0-40A5-B7A1-664BB17B67E8}.ExportDebug|Any CPU.Build.0 = ExportDebug|Any CPU
		{C2237D41-82B0-40A5-B7A1-664BB17B67E8}.ExportRelease|Any CPU.ActiveCfg = ExportRelease|Any CPU
		{C2237D41-82B0-40A5-B7A1-664BB17B67E8}.ExportRelease|Any CPU.Build.0 = ExportRelease|Any CPU
	EndGlobalSection
EndGlobal
